
Microsoft Visual Studio Solution File, Format Version 12.00
# Visual Studio 14
VisualStudioVersion = 14.0.25420.1
MinimumVisualStudioVersion = 10.0.40219.1
Project("{FAE04EC0-301F-11D3-BF4B-00C04F79EFBC}") = "HelloWorld", "HelloWorld\HelloWorld.csproj", "{0405F85C-3C8F-4DDC-81FF-98A389E225A6}"
EndProject
Project("{FAE04EC0-301F-11D3-BF4B-00C04F79EFBC}") = "LayoutExercise_01", "LayoutExercise_01\LayoutExercise_01.csproj", "{13E728AB-090D-45B6-AAC9-FDD00B29A82A}"
EndProject
Project("{FAE04EC0-301F-11D3-BF4B-00C04F79EFBC}") = "StackPanelExercise", "StackPanelExercise\StackPanelExercise.csproj", "{4938570C-1348-40EE-8044-A884AF5C7C93}"
EndProject
Project("{FAE04EC0-301F-11D3-BF4B-00C04F79EFBC}") = "LaboriousLayoutChallenge", "LaboriousLayoutChallenge\LaboriousLayoutChallenge.csproj", "{3A66496D-5105-4826-990A-EE90811611B7}"
EndProject
Project("{FAE04EC0-301F-11D3-BF4B-00C04F79EFBC}") = "HamburgerNavigation", "HamburgerNavigation\HamburgerNavigation.csproj", "{FC364F24-D6A4-445A-AEFF-368839C79F2A}"
EndProject
Project("{2150E333-8FDC-42A3-9474-1A3956D46DE8}") = "Solution Items", "Solution Items", "{E9E6C1B7-BA22-49B3-A878-B260926ECECA}"
	ProjectSection(SolutionItems) = preProject
		README.md = README.md
	EndProjectSection
EndProject
Project("{FAE04EC0-301F-11D3-BF4B-00C04F79EFBC}") = "Stupendous-Styles-Challenge", "Stupendous-Styles-Challenge\Stupendous-Styles-Challenge.csproj", "{A9A9EF76-8A75-462C-9B3D-B62691A39A7B}"
EndProject
Project("{FAE04EC0-301F-11D3-BF4B-00C04F79EFBC}") = "Adeptly-Adaptive-Challenge", "Adeptly-Adaptive-Challenge\Adeptly-Adaptive-Challenge.csproj", "{A29E21BD-ABE3-467A-8DB2-5621324F177A}"
EndProject
Project("{FAE04EC0-301F-11D3-BF4B-00C04F79EFBC}") = "SoundBoard", "SoundBoard\SoundBoard.csproj", "{753117F8-CAC0-4811-92AA-37EF196E1A9A}"
EndProject
Global
	GlobalSection(SolutionConfigurationPlatforms) = preSolution
		Debug|ARM = Debug|ARM
		Debug|x64 = Debug|x64
		Debug|x86 = Debug|x86
		Release|ARM = Release|ARM
		Release|x64 = Release|x64
		Release|x86 = Release|x86
	EndGlobalSection
	GlobalSection(ProjectConfigurationPlatforms) = postSolution
		{0405F85C-3C8F-4DDC-81FF-98A389E225A6}.Debug|ARM.ActiveCfg = Debug|ARM
		{0405F85C-3C8F-4DDC-81FF-98A389E225A6}.Debug|ARM.Build.0 = Debug|ARM
		{0405F85C-3C8F-4DDC-81FF-98A389E225A6}.Debug|ARM.Deploy.0 = Debug|ARM
		{0405F85C-3C8F-4DDC-81FF-98A389E225A6}.Debug|x64.ActiveCfg = Debug|x64
		{0405F85C-3C8F-4DDC-81FF-98A389E225A6}.Debug|x64.Build.0 = Debug|x64
		{0405F85C-3C8F-4DDC-81FF-98A389E225A6}.Debug|x64.Deploy.0 = Debug|x64
		{0405F85C-3C8F-4DDC-81FF-98A389E225A6}.Debug|x86.ActiveCfg = Debug|x86
		{0405F85C-3C8F-4DDC-81FF-98A389E225A6}.Debug|x86.Build.0 = Debug|x86
		{0405F85C-3C8F-4DDC-81FF-98A389E225A6}.Debug|x86.Deploy.0 = Debug|x86
		{0405F85C-3C8F-4DDC-81FF-98A389E225A6}.Release|ARM.ActiveCfg = Release|ARM
		{0405F85C-3C8F-4DDC-81FF-98A389E225A6}.Release|ARM.Build.0 = Release|ARM
		{0405F85C-3C8F-4DDC-81FF-98A389E225A6}.Release|ARM.Deploy.0 = Release|ARM
		{0405F85C-3C8F-4DDC-81FF-98A389E225A6}.Release|x64.ActiveCfg = Release|x64
		{0405F85C-3C8F-4DDC-81FF-98A389E225A6}.Release|x64.Build.0 = Release|x64
		{0405F85C-3C8F-4DDC-81FF-98A389E225A6}.Release|x64.Deploy.0 = Release|x64
		{0405F85C-3C8F-4DDC-81FF-98A389E225A6}.Release|x86.ActiveCfg = Release|x86
		{0405F85C-3C8F-4DDC-81FF-98A389E225A6}.Release|x86.Build.0 = Release|x86
		{0405F85C-3C8F-4DDC-81FF-98A389E225A6}.Release|x86.Deploy.0 = Release|x86
		{13E728AB-090D-45B6-AAC9-FDD00B29A82A}.Debug|ARM.ActiveCfg = Debug|ARM
		{13E728AB-090D-45B6-AAC9-FDD00B29A82A}.Debug|ARM.Build.0 = Debug|ARM
		{13E728AB-090D-45B6-AAC9-FDD00B29A82A}.Debug|ARM.Deploy.0 = Debug|ARM
		{13E728AB-090D-45B6-AAC9-FDD00B29A82A}.Debug|x64.ActiveCfg = Debug|x64
		{13E728AB-090D-45B6-AAC9-FDD00B29A82A}.Debug|x64.Build.0 = Debug|x64
		{13E728AB-090D-45B6-AAC9-FDD00B29A82A}.Debug|x64.Deploy.0 = Debug|x64
		{13E728AB-090D-45B6-AAC9-FDD00B29A82A}.Debug|x86.ActiveCfg = Debug|x86
		{13E728AB-090D-45B6-AAC9-FDD00B29A82A}.Debug|x86.Build.0 = Debug|x86
		{13E728AB-090D-45B6-AAC9-FDD00B29A82A}.Debug|x86.Deploy.0 = Debug|x86
		{13E728AB-090D-45B6-AAC9-FDD00B29A82A}.Release|ARM.ActiveCfg = Release|ARM
		{13E728AB-090D-45B6-AAC9-FDD00B29A82A}.Release|ARM.Build.0 = Release|ARM
		{13E728AB-090D-45B6-AAC9-FDD00B29A82A}.Release|ARM.Deploy.0 = Release|ARM
		{13E728AB-090D-45B6-AAC9-FDD00B29A82A}.Release|x64.ActiveCfg = Release|x64
		{13E728AB-090D-45B6-AAC9-FDD00B29A82A}.Release|x64.Build.0 = Release|x64
		{13E728AB-090D-45B6-AAC9-FDD00B29A82A}.Release|x64.Deploy.0 = Release|x64
		{13E728AB-090D-45B6-AAC9-FDD00B29A82A}.Release|x86.ActiveCfg = Release|x86
		{13E728AB-090D-45B6-AAC9-FDD00B29A82A}.Release|x86.Build.0 = Release|x86
		{13E728AB-090D-45B6-AAC9-FDD00B29A82A}.Release|x86.Deploy.0 = Release|x86
		{4938570C-1348-40EE-8044-A884AF5C7C93}.Debug|ARM.ActiveCfg = Debug|ARM
		{4938570C-1348-40EE-8044-A884AF5C7C93}.Debug|ARM.Build.0 = Debug|ARM
		{4938570C-1348-40EE-8044-A884AF5C7C93}.Debug|ARM.Deploy.0 = Debug|ARM
		{4938570C-1348-40EE-8044-A884AF5C7C93}.Debug|x64.ActiveCfg = Debug|x64
		{4938570C-1348-40EE-8044-A884AF5C7C93}.Debug|x64.Build.0 = Debug|x64
		{4938570C-1348-40EE-8044-A884AF5C7C93}.Debug|x64.Deploy.0 = Debug|x64
		{4938570C-1348-40EE-8044-A884AF5C7C93}.Debug|x86.ActiveCfg = Debug|x86
		{4938570C-1348-40EE-8044-A884AF5C7C93}.Debug|x86.Build.0 = Debug|x86
		{4938570C-1348-40EE-8044-A884AF5C7C93}.Debug|x86.Deploy.0 = Debug|x86
		{4938570C-1348-40EE-8044-A884AF5C7C93}.Release|ARM.ActiveCfg = Release|ARM
		{4938570C-1348-40EE-8044-A884AF5C7C93}.Release|ARM.Build.0 = Release|ARM
		{4938570C-1348-40EE-8044-A884AF5C7C93}.Release|ARM.Deploy.0 = Release|ARM
		{4938570C-1348-40EE-8044-A884AF5C7C93}.Release|x64.ActiveCfg = Release|x64
		{4938570C-1348-40EE-8044-A884AF5C7C93}.Release|x64.Build.0 = Release|x64
		{4938570C-1348-40EE-8044-A884AF5C7C93}.Release|x64.Deploy.0 = Release|x64
		{4938570C-1348-40EE-8044-A884AF5C7C93}.Release|x86.ActiveCfg = Release|x86
		{4938570C-1348-40EE-8044-A884AF5C7C93}.Release|x86.Build.0 = Release|x86
		{4938570C-1348-40EE-8044-A884AF5C7C93}.Release|x86.Deploy.0 = Release|x86
		{3A66496D-5105-4826-990A-EE90811611B7}.Debug|ARM.ActiveCfg = Debug|ARM
		{3A66496D-5105-4826-990A-EE90811611B7}.Debug|ARM.Build.0 = Debug|ARM
		{3A66496D-5105-4826-990A-EE90811611B7}.Debug|ARM.Deploy.0 = Debug|ARM
		{3A66496D-5105-4826-990A-EE90811611B7}.Debug|x64.ActiveCfg = Debug|x64
		{3A66496D-5105-4826-990A-EE90811611B7}.Debug|x64.Build.0 = Debug|x64
		{3A66496D-5105-4826-990A-EE90811611B7}.Debug|x64.Deploy.0 = Debug|x64
		{3A66496D-5105-4826-990A-EE90811611B7}.Debug|x86.ActiveCfg = Debug|x86
		{3A66496D-5105-4826-990A-EE90811611B7}.Debug|x86.Build.0 = Debug|x86
		{3A66496D-5105-4826-990A-EE90811611B7}.Debug|x86.Deploy.0 = Debug|x86
		{3A66496D-5105-4826-990A-EE90811611B7}.Release|ARM.ActiveCfg = Release|ARM
		{3A66496D-5105-4826-990A-EE90811611B7}.Release|ARM.Build.0 = Release|ARM
		{3A66496D-5105-4826-990A-EE90811611B7}.Release|ARM.Deploy.0 = Release|ARM
		{3A66496D-5105-4826-990A-EE90811611B7}.Release|x64.ActiveCfg = Release|x64
		{3A66496D-5105-4826-990A-EE90811611B7}.Release|x64.Build.0 = Release|x64
		{3A66496D-5105-4826-990A-EE90811611B7}.Release|x64.Deploy.0 = Release|x64
		{3A66496D-5105-4826-990A-EE90811611B7}.Release|x86.ActiveCfg = Release|x86
		{3A66496D-5105-4826-990A-EE90811611B7}.Release|x86.Build.0 = Release|x86
		{3A66496D-5105-4826-990A-EE90811611B7}.Release|x86.Deploy.0 = Release|x86
		{FC364F24-D6A4-445A-AEFF-368839C79F2A}.Debug|ARM.ActiveCfg = Debug|ARM
		{FC364F24-D6A4-445A-AEFF-368839C79F2A}.Debug|ARM.Build.0 = Debug|ARM
		{FC364F24-D6A4-445A-AEFF-368839C79F2A}.Debug|ARM.Deploy.0 = Debug|ARM
		{FC364F24-D6A4-445A-AEFF-368839C79F2A}.Debug|x64.ActiveCfg = Debug|x64
		{FC364F24-D6A4-445A-AEFF-368839C79F2A}.Debug|x64.Build.0 = Debug|x64
		{FC364F24-D6A4-445A-AEFF-368839C79F2A}.Debug|x64.Deploy.0 = Debug|x64
		{FC364F24-D6A4-445A-AEFF-368839C79F2A}.Debug|x86.ActiveCfg = Debug|x86
		{FC364F24-D6A4-445A-AEFF-368839C79F2A}.Debug|x86.Build.0 = Debug|x86
		{FC364F24-D6A4-445A-AEFF-368839C79F2A}.Debug|x86.Deploy.0 = Debug|x86
		{FC364F24-D6A4-445A-AEFF-368839C79F2A}.Release|ARM.ActiveCfg = Release|ARM
		{FC364F24-D6A4-445A-AEFF-368839C79F2A}.Release|ARM.Build.0 = Release|ARM
		{FC364F24-D6A4-445A-AEFF-368839C79F2A}.Release|ARM.Deploy.0 = Release|ARM
		{FC364F24-D6A4-445A-AEFF-368839C79F2A}.Release|x64.ActiveCfg = Release|x64
		{FC364F24-D6A4-445A-AEFF-368839C79F2A}.Release|x64.Build.0 = Release|x64
		{FC364F24-D6A4-445A-AEFF-368839C79F2A}.Release|x64.Deploy.0 = Release|x64
		{FC364F24-D6A4-445A-AEFF-368839C79F2A}.Release|x86.ActiveCfg = Release|x86
		{FC364F24-D6A4-445A-AEFF-368839C79F2A}.Release|x86.Build.0 = Release|x86
		{FC364F24-D6A4-445A-AEFF-368839C79F2A}.Release|x86.Deploy.0 = Release|x86
		{A9A9EF76-8A75-462C-9B3D-B62691A39A7B}.Debug|ARM.ActiveCfg = Debug|ARM
		{A9A9EF76-8A75-462C-9B3D-B62691A39A7B}.Debug|ARM.Build.0 = Debug|ARM
		{A9A9EF76-8A75-462C-9B3D-B62691A39A7B}.Debug|ARM.Deploy.0 = Debug|ARM
		{A9A9EF76-8A75-462C-9B3D-B62691A39A7B}.Debug|x64.ActiveCfg = Debug|x64
		{A9A9EF76-8A75-462C-9B3D-B62691A39A7B}.Debug|x64.Build.0 = Debug|x64
		{A9A9EF76-8A75-462C-9B3D-B62691A39A7B}.Debug|x64.Deploy.0 = Debug|x64
		{A9A9EF76-8A75-462C-9B3D-B62691A39A7B}.Debug|x86.ActiveCfg = Debug|x86
		{A9A9EF76-8A75-462C-9B3D-B62691A39A7B}.Debug|x86.Build.0 = Debug|x86
		{A9A9EF76-8A75-462C-9B3D-B62691A39A7B}.Debug|x86.Deploy.0 = Debug|x86
		{A9A9EF76-8A75-462C-9B3D-B62691A39A7B}.Release|ARM.ActiveCfg = Release|ARM
		{A9A9EF76-8A75-462C-9B3D-B62691A39A7B}.Release|ARM.Build.0 = Release|ARM
		{A9A9EF76-8A75-462C-9B3D-B62691A39A7B}.Release|ARM.Deploy.0 = Release|ARM
		{A9A9EF76-8A75-462C-9B3D-B62691A39A7B}.Release|x64.ActiveCfg = Release|x64
		{A9A9EF76-8A75-462C-9B3D-B62691A39A7B}.Release|x64.Build.0 = Release|x64
		{A9A9EF76-8A75-462C-9B3D-B62691A39A7B}.Release|x64.Deploy.0 = Release|x64
		{A9A9EF76-8A75-462C-9B3D-B62691A39A7B}.Release|x86.ActiveCfg = Release|x86
		{A9A9EF76-8A75-462C-9B3D-B62691A39A7B}.Release|x86.Build.0 = Release|x86
		{A9A9EF76-8A75-462C-9B3D-B62691A39A7B}.Release|x86.Deploy.0 = Release|x86
		{A29E21BD-ABE3-467A-8DB2-5621324F177A}.Debug|ARM.ActiveCfg = Debug|ARM
		{A29E21BD-ABE3-467A-8DB2-5621324F177A}.Debug|ARM.Build.0 = Debug|ARM
		{A29E21BD-ABE3-467A-8DB2-5621324F177A}.Debug|ARM.Deploy.0 = Debug|ARM
		{A29E21BD-ABE3-467A-8DB2-5621324F177A}.Debug|x64.ActiveCfg = Debug|x64
		{A29E21BD-ABE3-467A-8DB2-5621324F177A}.Debug|x64.Build.0 = Debug|x64
		{A29E21BD-ABE3-467A-8DB2-5621324F177A}.Debug|x64.Deploy.0 = Debug|x64
		{A29E21BD-ABE3-467A-8DB2-5621324F177A}.Debug|x86.ActiveCfg = Debug|x86
		{A29E21BD-ABE3-467A-8DB2-5621324F177A}.Debug|x86.Build.0 = Debug|x86
		{A29E21BD-ABE3-467A-8DB2-5621324F177A}.Debug|x86.Deploy.0 = Debug|x86
		{A29E21BD-ABE3-467A-8DB2-5621324F177A}.Release|ARM.ActiveCfg = Release|ARM
		{A29E21BD-ABE3-467A-8DB2-5621324F177A}.Release|ARM.Build.0 = Release|ARM
		{A29E21BD-ABE3-467A-8DB2-5621324F177A}.Release|ARM.Deploy.0 = Release|ARM
		{A29E21BD-ABE3-467A-8DB2-5621324F177A}.Release|x64.ActiveCfg = Release|x64
		{A29E21BD-ABE3-467A-8DB2-5621324F177A}.Release|x64.Build.0 = Release|x64
		{A29E21BD-ABE3-467A-8DB2-5621324F177A}.Release|x64.Deploy.0 = Release|x64
		{A29E21BD-ABE3-467A-8DB2-5621324F177A}.Release|x86.ActiveCfg = Release|x86
		{A29E21BD-ABE3-467A-8DB2-5621324F177A}.Release|x86.Build.0 = Release|x86
		{A29E21BD-ABE3-467A-8DB2-5621324F177A}.Release|x86.Deploy.0 = Release|x86
		{753117F8-CAC0-4811-92AA-37EF196E1A9A}.Debug|ARM.ActiveCfg = Debug|ARM
		{753117F8-CAC0-4811-92AA-37EF196E1A9A}.Debug|ARM.Build.0 = Debug|ARM
		{753117F8-CAC0-4811-92AA-37EF196E1A9A}.Debug|ARM.Deploy.0 = Debug|ARM
		{753117F8-CAC0-4811-92AA-37EF196E1A9A}.Debug|x64.ActiveCfg = Debug|x64
		{753117F8-CAC0-4811-92AA-37EF196E1A9A}.Debug|x64.Build.0 = Debug|x64
		{753117F8-CAC0-4811-92AA-37EF196E1A9A}.Debug|x64.Deploy.0 = Debug|x64
		{753117F8-CAC0-4811-92AA-37EF196E1A9A}.Debug|x86.ActiveCfg = Debug|x86
		{753117F8-CAC0-4811-92AA-37EF196E1A9A}.Debug|x86.Build.0 = Debug|x86
		{753117F8-CAC0-4811-92AA-37EF196E1A9A}.Debug|x86.Deploy.0 = Debug|x86
		{753117F8-CAC0-4811-92AA-37EF196E1A9A}.Release|ARM.ActiveCfg = Release|ARM
		{753117F8-CAC0-4811-92AA-37EF196E1A9A}.Release|ARM.Build.0 = Release|ARM
		{753117F8-CAC0-4811-92AA-37EF196E1A9A}.Release|ARM.Deploy.0 = Release|ARM
		{753117F8-CAC0-4811-92AA-37EF196E1A9A}.Release|x64.ActiveCfg = Release|x64
		{753117F8-CAC0-4811-92AA-37EF196E1A9A}.Release|x64.Build.0 = Release|x64
		{753117F8-CAC0-4811-92AA-37EF196E1A9A}.Release|x64.Deploy.0 = Release|x64
		{753117F8-CAC0-4811-92AA-37EF196E1A9A}.Release|x86.ActiveCfg = Release|x86
		{753117F8-CAC0-4811-92AA-37EF196E1A9A}.Release|x86.Build.0 = Release|x86
		{753117F8-CAC0-4811-92AA-37EF196E1A9A}.Release|x86.Deploy.0 = Release|x86
	EndGlobalSection
	GlobalSection(SolutionProperties) = preSolution
		HideSolutionNode = FALSE
	EndGlobalSection
EndGlobal
